
Microsoft Visual Studio Solution File, Format Version 12.00
# Visual Studio Version 16
VisualStudioVersion = 16.0.29728.190
MinimumVisualStudioVersion = 10.0.40219.1
Project("{9A19103F-16F7-4668-BE54-9A1E7A4F7556}") = "FancyTrainsimTools.Library", "FancyTrainsimTools.Library\FancyTrainsimTools.Library.csproj", "{CC1F7997-BFBC-4F5E-A452-77EA826E2570}"
EndProject
Project("{9A19103F-16F7-4668-BE54-9A1E7A4F7556}") = "FancyTrainsimTools.DesktopLibrary", "FancyTrainsimTools.DesktopLibrary\FancyTrainsimTools.DesktopLibrary.csproj", "{0A44BF82-C9C7-457C-B5EF-45883CCCAF43}"
EndProject
Project("{9A19103F-16F7-4668-BE54-9A1E7A4F7556}") = "FancyTrainsimTools.Test", "FancyTrainsimTools.Test\FancyTrainsimTools.Test.csproj", "{AE2BD7DA-1A4C-4AF4-BEBB-77792B9C96E2}"
EndProject
Project("{9A19103F-16F7-4668-BE54-9A1E7A4F7556}") = "FancyTrainsimTools.Desktop", "FancyTrainsimTools.Desktop\FancyTrainsimTools.Desktop.csproj", "{BBBC9154-918D-4892-A6E2-D3F1837429EC}"
EndProject
Project("{9A19103F-16F7-4668-BE54-9A1E7A4F7556}") = "Styles.Library", "Styles.Library\Styles.Library.csproj", "{0AA823BC-7FDE-4709-93F9-04EF31865FFB}"
EndProject
Project("{9A19103F-16F7-4668-BE54-9A1E7A4F7556}") = "Logging.Library", "Logging.Library\Logging.Library.csproj", "{10E13F25-5BB1-4B4C-9CFC-BEC501775626}"
EndProject
Project("{2150E333-8FDC-42A3-9474-1A3956D46DE8}") = "Solution Items", "Solution Items", "{E99EB492-B7A3-4796-906F-B963F4973888}"
	ProjectSection(SolutionItems) = preProject
		.editorconfig = .editorconfig
	EndProjectSection
EndProject
Project("{9A19103F-16F7-4668-BE54-9A1E7A4F7556}") = "Assets.Library", "Assets.Library\Assets.Library.csproj", "{887F4F31-1ADA-499E-B2D2-2CFCCD5936D9}"
EndProject
Project("{9A19103F-16F7-4668-BE54-9A1E7A4F7556}") = "Documentation", "Documentation\Documentation.csproj", "{80DDC37B-E4AA-441D-AE33-62281D8C7BBC}"
EndProject
Global
	GlobalSection(SolutionConfigurationPlatforms) = preSolution
		Debug|Any CPU = Debug|Any CPU
		Release|Any CPU = Release|Any CPU
	EndGlobalSection
	GlobalSection(ProjectConfigurationPlatforms) = postSolution
		{CC1F7997-BFBC-4F5E-A452-77EA826E2570}.Debug|Any CPU.ActiveCfg = Debug|Any CPU
		{CC1F7997-BFBC-4F5E-A452-77EA826E2570}.Debug|Any CPU.Build.0 = Debug|Any CPU
		{CC1F7997-BFBC-4F5E-A452-77EA826E2570}.Release|Any CPU.ActiveCfg = Release|Any CPU
		{CC1F7997-BFBC-4F5E-A452-77EA826E2570}.Release|Any CPU.Build.0 = Release|Any CPU
		{0A44BF82-C9C7-457C-B5EF-45883CCCAF43}.Debug|Any CPU.ActiveCfg = Debug|Any CPU
		{0A44BF82-C9C7-457C-B5EF-45883CCCAF43}.Debug|Any CPU.Build.0 = Debug|Any CPU
		{0A44BF82-C9C7-457C-B5EF-45883CCCAF43}.Release|Any CPU.ActiveCfg = Release|Any CPU
		{0A44BF82-C9C7-457C-B5EF-45883CCCAF43}.Release|Any CPU.Build.0 = Release|Any CPU
		{AE2BD7DA-1A4C-4AF4-BEBB-77792B9C96E2}.Debug|Any CPU.ActiveCfg = Debug|Any CPU
		{AE2BD7DA-1A4C-4AF4-BEBB-77792B9C96E2}.Debug|Any CPU.Build.0 = Debug|Any CPU
		{AE2BD7DA-1A4C-4AF4-BEBB-77792B9C96E2}.Release|Any CPU.ActiveCfg = Release|Any CPU
		{AE2BD7DA-1A4C-4AF4-BEBB-77792B9C96E2}.Release|Any CPU.Build.0 = Release|Any CPU
		{BBBC9154-918D-4892-A6E2-D3F1837429EC}.Debug|Any CPU.ActiveCfg = Debug|Any CPU
		{BBBC9154-918D-4892-A6E2-D3F1837429EC}.Debug|Any CPU.Build.0 = Debug|Any CPU
		{BBBC9154-918D-4892-A6E2-D3F1837429EC}.Release|Any CPU.ActiveCfg = Release|Any CPU
		{BBBC9154-918D-4892-A6E2-D3F1837429EC}.Release|Any CPU.Build.0 = Release|Any CPU
		{0AA823BC-7FDE-4709-93F9-04EF31865FFB}.Debug|Any CPU.ActiveCfg = Debug|Any CPU
		{0AA823BC-7FDE-4709-93F9-04EF31865FFB}.Debug|Any CPU.Build.0 = Debug|Any CPU
		{0AA823BC-7FDE-4709-93F9-04EF31865FFB}.Release|Any CPU.ActiveCfg = Release|Any CPU
		{0AA823BC-7FDE-4709-93F9-04EF31865FFB}.Release|Any CPU.Build.0 = Release|Any CPU
		{10E13F25-5BB1-4B4C-9CFC-BEC501775626}.Debug|Any CPU.ActiveCfg = Debug|Any CPU
		{10E13F25-5BB1-4B4C-9CFC-BEC501775626}.Debug|Any CPU.Build.0 = Debug|Any CPU
		{10E13F25-5BB1-4B4C-9CFC-BEC501775626}.Release|Any CPU.ActiveCfg = Release|Any CPU
		{10E13F25-5BB1-4B4C-9CFC-BEC501775626}.Release|Any CPU.Build.0 = Release|Any CPU
		{887F4F31-1ADA-499E-B2D2-2CFCCD5936D9}.Debug|Any CPU.ActiveCfg = Debug|Any CPU
		{887F4F31-1ADA-499E-B2D2-2CFCCD5936D9}.Debug|Any CPU.Build.0 = Debug|Any CPU
		{887F4F31-1ADA-499E-B2D2-2CFCCD5936D9}.Release|Any CPU.ActiveCfg = Release|Any CPU
		{887F4F31-1ADA-499E-B2D2-2CFCCD5936D9}.Release|Any CPU.Build.0 = Release|Any CPU
		{80DDC37B-E4AA-441D-AE33-62281D8C7BBC}.Debug|Any CPU.ActiveCfg = Debug|Any CPU
		{80DDC37B-E4AA-441D-AE33-62281D8C7BBC}.Debug|Any CPU.Build.0 = Debug|Any CPU
		{80DDC37B-E4AA-441D-AE33-62281D8C7BBC}.Release|Any CPU.ActiveCfg = Release|Any CPU
		{80DDC37B-E4AA-441D-AE33-62281D8C7BBC}.Release|Any CPU.Build.0 = Release|Any CPU
	EndGlobalSection
	GlobalSection(SolutionProperties) = preSolution
		HideSolutionNode = FALSE
	EndGlobalSection
	GlobalSection(ExtensibilityGlobals) = postSolution
		SolutionGuid = {CC64B57B-C2B6-45AE-BFB5-6D758951A70F}
	EndGlobalSection
EndGlobal
